
Microsoft Visual Studio Solution File, Format Version 12.00
# Visual Studio 15
VisualStudioVersion = 15.0.27428.2043
MinimumVisualStudioVersion = 10.0.40219.1
Project("{FAE04EC0-301F-11D3-BF4B-00C04F79EFBC}") = "CST-117-Milestone-3", "CST-117-Milestone-3\CST-117-Milestone-3.csproj", "{7E4BB0C4-3152-4CDD-A7A7-C282601559D3}"
EndProject
Project("{FAE04EC0-301F-11D3-BF4B-00C04F79EFBC}") = "CST-117-Milestone-3Tests", "CST-117-Milestone-3Tests\CST-117-Milestone-3Tests.csproj", "{7D7D6C58-6799-4FC6-A64F-40CC3C920AED}"
EndProject
Global
	GlobalSection(SolutionConfigurationPlatforms) = preSolution
		Debug|Any CPU = Debug|Any CPU
		Release|Any CPU = Release|Any CPU
	EndGlobalSection
	GlobalSection(ProjectConfigurationPlatforms) = postSolution
		{7E4BB0C4-3152-4CDD-A7A7-C282601559D3}.Debug|Any CPU.ActiveCfg = Debug|Any CPU
		{7E4BB0C4-3152-4CDD-A7A7-C282601559D3}.Debug|Any CPU.Build.0 = Debug|Any CPU
		{7E4BB0C4-3152-4CDD-A7A7-C282601559D3}.Release|Any CPU.ActiveCfg = Release|Any CPU
		{7E4BB0C4-3152-4CDD-A7A7-C282601559D3}.Release|Any CPU.Build.0 = Release|Any CPU
		{7D7D6C58-6799-4FC6-A64F-40CC3C920AED}.Debug|Any CPU.ActiveCfg = Debug|Any CPU
		{7D7D6C58-6799-4FC6-A64F-40CC3C920AED}.Debug|Any CPU.Build.0 = Debug|Any CPU
		{7D7D6C58-6799-4FC6-A64F-40CC3C920AED}.Release|Any CPU.ActiveCfg = Release|Any CPU
		{7D7D6C58-6799-4FC6-A64F-40CC3C920AED}.Release|Any CPU.Build.0 = Release|Any CPU
	EndGlobalSection
	GlobalSection(SolutionProperties) = preSolution
		HideSolutionNode = FALSE
	EndGlobalSection
	GlobalSection(ExtensibilityGlobals) = postSolution
		SolutionGuid = {5C61B2DD-9657-4A62-80DA-6D438C6959CD}
	EndGlobalSection
EndGlobal
